// !$*UTF8*$!
{
	archiveVersion = 1;
	classes = {
	};
	objectVersion = 56;
	objects = {

/* Begin PBXBuildFile section */
		A47BD14EAD27D111FFAE23A5 /* Pods_pictoMaker.framework in Frameworks */ = {isa = PBXBuildFile; fileRef = 29E2BE97B64EB93A5460DE7B /* Pods_pictoMaker.framework */; };
		F6CDD1892A43068C00BEDFEA /* AppDelegate.swift in Sources */ = {isa = PBXBuildFile; fileRef = F6CDD1882A43068C00BEDFEA /* AppDelegate.swift */; };
		F6CDD18B2A43068C00BEDFEA /* SceneDelegate.swift in Sources */ = {isa = PBXBuildFile; fileRef = F6CDD18A2A43068C00BEDFEA /* SceneDelegate.swift */; };
		F6CDD18D2A43068C00BEDFEA /* ViewController.swift in Sources */ = {isa = PBXBuildFile; fileRef = F6CDD18C2A43068C00BEDFEA /* ViewController.swift */; };
		F6CDD1902A43068C00BEDFEA /* Main.storyboard in Resources */ = {isa = PBXBuildFile; fileRef = F6CDD18E2A43068C00BEDFEA /* Main.storyboard */; };
		F6CDD1922A43069400BEDFEA /* Assets.xcassets in Resources */ = {isa = PBXBuildFile; fileRef = F6CDD1912A43069400BEDFEA /* Assets.xcassets */; };
		F6CDD1952A43069400BEDFEA /* LaunchScreen.storyboard in Resources */ = {isa = PBXBuildFile; fileRef = F6CDD1932A43069400BEDFEA /* LaunchScreen.storyboard */; };
		F6CDD19D2A4307DC00BEDFEA /* Button.swift in Sources */ = {isa = PBXBuildFile; fileRef = F6CDD19C2A4307DC00BEDFEA /* Button.swift */; };
		F6CDD1A72A435B9700BEDFEA /* PictoView.swift in Sources */ = {isa = PBXBuildFile; fileRef = F6CDD1A62A435B9600BEDFEA /* PictoView.swift */; };
		F6FC8BD92A4AD5F7007F23CC /* PictoBoneView.swift in Sources */ = {isa = PBXBuildFile; fileRef = F6FC8BD82A4AD5F7007F23CC /* PictoBoneView.swift */; };
		F6FC8BDF2A4DDB37007F23CC /* EditView.swift in Sources */ = {isa = PBXBuildFile; fileRef = F6FC8BDE2A4DDB37007F23CC /* EditView.swift */; };
		F6FC8BE12A4E89C4007F23CC /* PictoFaceView.swift in Sources */ = {isa = PBXBuildFile; fileRef = F6FC8BE02A4E89C4007F23CC /* PictoFaceView.swift */; };
/* End PBXBuildFile section */

/* Begin PBXFileReference section */
		29E2BE97B64EB93A5460DE7B /* Pods_pictoMaker.framework */ = {isa = PBXFileReference; explicitFileType = wrapper.framework; includeInIndex = 0; path = Pods_pictoMaker.framework; sourceTree = BUILT_PRODUCTS_DIR; };
		5EA02A57FC426D9B51FC97E1 /* Pods-pictoMaker.debug.xcconfig */ = {isa = PBXFileReference; includeInIndex = 1; lastKnownFileType = text.xcconfig; name = "Pods-pictoMaker.debug.xcconfig"; path = "Target Support Files/Pods-pictoMaker/Pods-pictoMaker.debug.xcconfig"; sourceTree = "<group>"; };
		90346AEA7CAC48722A0D60D2 /* Pods-pictoMaker.release.xcconfig */ = {isa = PBXFileReference; includeInIndex = 1; lastKnownFileType = text.xcconfig; name = "Pods-pictoMaker.release.xcconfig"; path = "Target Support Files/Pods-pictoMaker/Pods-pictoMaker.release.xcconfig"; sourceTree = "<group>"; };
		F6CDD1852A43068C00BEDFEA /* pictoMaker.app */ = {isa = PBXFileReference; explicitFileType = wrapper.application; includeInIndex = 0; path = pictoMaker.app; sourceTree = BUILT_PRODUCTS_DIR; };
		F6CDD1882A43068C00BEDFEA /* AppDelegate.swift */ = {isa = PBXFileReference; lastKnownFileType = sourcecode.swift; path = AppDelegate.swift; sourceTree = "<group>"; };
		F6CDD18A2A43068C00BEDFEA /* SceneDelegate.swift */ = {isa = PBXFileReference; lastKnownFileType = sourcecode.swift; path = SceneDelegate.swift; sourceTree = "<group>"; };
		F6CDD18C2A43068C00BEDFEA /* ViewController.swift */ = {isa = PBXFileReference; lastKnownFileType = sourcecode.swift; path = ViewController.swift; sourceTree = "<group>"; };
		F6CDD18F2A43068C00BEDFEA /* Base */ = {isa = PBXFileReference; lastKnownFileType = file.storyboard; name = Base; path = Base.lproj/Main.storyboard; sourceTree = "<group>"; };
		F6CDD1912A43069400BEDFEA /* Assets.xcassets */ = {isa = PBXFileReference; lastKnownFileType = folder.assetcatalog; path = Assets.xcassets; sourceTree = "<group>"; };
		F6CDD1942A43069400BEDFEA /* Base */ = {isa = PBXFileReference; lastKnownFileType = file.storyboard; name = Base; path = Base.lproj/LaunchScreen.storyboard; sourceTree = "<group>"; };
		F6CDD1962A43069400BEDFEA /* Info.plist */ = {isa = PBXFileReference; lastKnownFileType = text.plist.xml; path = Info.plist; sourceTree = "<group>"; };
		F6CDD19C2A4307DC00BEDFEA /* Button.swift */ = {isa = PBXFileReference; fileEncoding = 4; lastKnownFileType = sourcecode.swift; path = Button.swift; sourceTree = "<group>"; };
		F6CDD1A62A435B9600BEDFEA /* PictoView.swift */ = {isa = PBXFileReference; lastKnownFileType = sourcecode.swift; path = PictoView.swift; sourceTree = "<group>"; };
		F6FC8BD82A4AD5F7007F23CC /* PictoBoneView.swift */ = {isa = PBXFileReference; lastKnownFileType = sourcecode.swift; path = PictoBoneView.swift; sourceTree = "<group>"; };
		F6FC8BDE2A4DDB37007F23CC /* EditView.swift */ = {isa = PBXFileReference; fileEncoding = 4; lastKnownFileType = sourcecode.swift; path = EditView.swift; sourceTree = "<group>"; };
		F6FC8BE02A4E89C4007F23CC /* PictoFaceView.swift */ = {isa = PBXFileReference; lastKnownFileType = sourcecode.swift; path = PictoFaceView.swift; sourceTree = "<group>"; };
/* End PBXFileReference section */

/* Begin PBXFrameworksBuildPhase section */
		F6CDD1822A43068C00BEDFEA /* Frameworks */ = {
			isa = PBXFrameworksBuildPhase;
			buildActionMask = 2147483647;
			files = (
				A47BD14EAD27D111FFAE23A5 /* Pods_pictoMaker.framework in Frameworks */,
			);
			runOnlyForDeploymentPostprocessing = 0;
		};
/* End PBXFrameworksBuildPhase section */

/* Begin PBXGroup section */
		83566EF73B5E349021D9247C /* Pods */ = {
			isa = PBXGroup;
			children = (
				5EA02A57FC426D9B51FC97E1 /* Pods-pictoMaker.debug.xcconfig */,
				90346AEA7CAC48722A0D60D2 /* Pods-pictoMaker.release.xcconfig */,
			);
			path = Pods;
			sourceTree = "<group>";
		};
		8ED6C663F09EC7257A1349E3 /* Frameworks */ = {
			isa = PBXGroup;
			children = (
				29E2BE97B64EB93A5460DE7B /* Pods_pictoMaker.framework */,
			);
			name = Frameworks;
			sourceTree = "<group>";
		};
		F6CDD17C2A43068C00BEDFEA = {
			isa = PBXGroup;
			children = (
				F6CDD1872A43068C00BEDFEA /* pictoMaker */,
				F6CDD1862A43068C00BEDFEA /* Products */,
				83566EF73B5E349021D9247C /* Pods */,
				8ED6C663F09EC7257A1349E3 /* Frameworks */,
			);
			sourceTree = "<group>";
		};
		F6CDD1862A43068C00BEDFEA /* Products */ = {
			isa = PBXGroup;
			children = (
				F6CDD1852A43068C00BEDFEA /* pictoMaker.app */,
			);
			name = Products;
			sourceTree = "<group>";
		};
		F6CDD1872A43068C00BEDFEA /* pictoMaker */ = {
			isa = PBXGroup;
			children = (
				F6CDD1882A43068C00BEDFEA /* AppDelegate.swift */,
				F6CDD18A2A43068C00BEDFEA /* SceneDelegate.swift */,
				F6CDD18C2A43068C00BEDFEA /* ViewController.swift */,
				F6FC8BDE2A4DDB37007F23CC /* EditView.swift */,
				F6CDD19C2A4307DC00BEDFEA /* Button.swift */,
				F6CDD18E2A43068C00BEDFEA /* Main.storyboard */,
				F6CDD1912A43069400BEDFEA /* Assets.xcassets */,
				F6CDD1932A43069400BEDFEA /* LaunchScreen.storyboard */,
				F6CDD1962A43069400BEDFEA /* Info.plist */,
				F6FC8BD82A4AD5F7007F23CC /* PictoBoneView.swift */,
				F6FC8BE02A4E89C4007F23CC /* PictoFaceView.swift */,
				F6CDD1A62A435B9600BEDFEA /* PictoView.swift */,
			);
			path = pictoMaker;
			sourceTree = "<group>";
		};
/* End PBXGroup section */

/* Begin PBXNativeTarget section */
		F6CDD1842A43068C00BEDFEA /* pictoMaker */ = {
			isa = PBXNativeTarget;
			buildConfigurationList = F6CDD1992A43069400BEDFEA /* Build configuration list for PBXNativeTarget "pictoMaker" */;
			buildPhases = (
				C0F49E95E6733B60485B0F51 /* [CP] Check Pods Manifest.lock */,
				F6CDD1812A43068C00BEDFEA /* Sources */,
				F6CDD1822A43068C00BEDFEA /* Frameworks */,
				F6CDD1832A43068C00BEDFEA /* Resources */,
				154053E7E536511693165FA3 /* [CP] Embed Pods Frameworks */,
			);
			buildRules = (
			);
			dependencies = (
			);
			name = pictoMaker;
			productName = pictoMaker;
			productReference = F6CDD1852A43068C00BEDFEA /* pictoMaker.app */;
			productType = "com.apple.product-type.application";
		};
/* End PBXNativeTarget section */

/* Begin PBXProject section */
		F6CDD17D2A43068C00BEDFEA /* Project object */ = {
			isa = PBXProject;
			attributes = {
				BuildIndependentTargetsInParallel = 1;
				LastSwiftUpdateCheck = 1430;
				LastUpgradeCheck = 1430;
				TargetAttributes = {
					F6CDD1842A43068C00BEDFEA = {
						CreatedOnToolsVersion = 14.3;
					};
				};
			};
			buildConfigurationList = F6CDD1802A43068C00BEDFEA /* Build configuration list for PBXProject "pictoMaker" */;
			compatibilityVersion = "Xcode 14.0";
			developmentRegion = en;
			hasScannedForEncodings = 0;
			knownRegions = (
				en,
				Base,
			);
			mainGroup = F6CDD17C2A43068C00BEDFEA;
			productRefGroup = F6CDD1862A43068C00BEDFEA /* Products */;
			projectDirPath = "";
			projectRoot = "";
			targets = (
				F6CDD1842A43068C00BEDFEA /* pictoMaker */,
			);
		};
/* End PBXProject section */

/* Begin PBXResourcesBuildPhase section */
		F6CDD1832A43068C00BEDFEA /* Resources */ = {
			isa = PBXResourcesBuildPhase;
			buildActionMask = 2147483647;
			files = (
				F6CDD1952A43069400BEDFEA /* LaunchScreen.storyboard in Resources */,
				F6CDD1922A43069400BEDFEA /* Assets.xcassets in Resources */,
				F6CDD1902A43068C00BEDFEA /* Main.storyboard in Resources */,
			);
			runOnlyForDeploymentPostprocessing = 0;
		};
/* End PBXResourcesBuildPhase section */

/* Begin PBXShellScriptBuildPhase section */
		154053E7E536511693165FA3 /* [CP] Embed Pods Frameworks */ = {
			isa = PBXShellScriptBuildPhase;
			buildActionMask = 2147483647;
			files = (
			);
			inputFileListPaths = (
				"${PODS_ROOT}/Target Support Files/Pods-pictoMaker/Pods-pictoMaker-frameworks-${CONFIGURATION}-input-files.xcfilelist",
			);
			name = "[CP] Embed Pods Frameworks";
			outputFileListPaths = (
				"${PODS_ROOT}/Target Support Files/Pods-pictoMaker/Pods-pictoMaker-frameworks-${CONFIGURATION}-output-files.xcfilelist",
			);
			runOnlyForDeploymentPostprocessing = 0;
			shellPath = /bin/sh;
			shellScript = "\"${PODS_ROOT}/Target Support Files/Pods-pictoMaker/Pods-pictoMaker-frameworks.sh\"\n";
			showEnvVarsInLog = 0;
		};
		C0F49E95E6733B60485B0F51 /* [CP] Check Pods Manifest.lock */ = {
			isa = PBXShellScriptBuildPhase;
			buildActionMask = 2147483647;
			files = (
			);
			inputFileListPaths = (
			);
			inputPaths = (
				"${PODS_PODFILE_DIR_PATH}/Podfile.lock",
				"${PODS_ROOT}/Manifest.lock",
			);
			name = "[CP] Check Pods Manifest.lock";
			outputFileListPaths = (
			);
			outputPaths = (
				"$(DERIVED_FILE_DIR)/Pods-pictoMaker-checkManifestLockResult.txt",
			);
			runOnlyForDeploymentPostprocessing = 0;
			shellPath = /bin/sh;
			shellScript = "diff \"${PODS_PODFILE_DIR_PATH}/Podfile.lock\" \"${PODS_ROOT}/Manifest.lock\" > /dev/null\nif [ $? != 0 ] ; then\n    # print error to STDERR\n    echo \"error: The sandbox is not in sync with the Podfile.lock. Run 'pod install' or update your CocoaPods installation.\" >&2\n    exit 1\nfi\n# This output is used by Xcode 'outputs' to avoid re-running this script phase.\necho \"SUCCESS\" > \"${SCRIPT_OUTPUT_FILE_0}\"\n";
			showEnvVarsInLog = 0;
		};
/* End PBXShellScriptBuildPhase section */

/* Begin PBXSourcesBuildPhase section */
		F6CDD1812A43068C00BEDFEA /* Sources */ = {
			isa = PBXSourcesBuildPhase;
			buildActionMask = 2147483647;
			files = (
				F6CDD18D2A43068C00BEDFEA /* ViewController.swift in Sources */,
				F6CDD1A72A435B9700BEDFEA /* PictoView.swift in Sources */,
				F6CDD1892A43068C00BEDFEA /* AppDelegate.swift in Sources */,
				F6CDD18B2A43068C00BEDFEA /* SceneDelegate.swift in Sources */,
				F6FC8BE12A4E89C4007F23CC /* PictoFaceView.swift in Sources */,
				F6FC8BDF2A4DDB37007F23CC /* EditView.swift in Sources */,
				F6FC8BD92A4AD5F7007F23CC /* PictoBoneView.swift in Sources */,
				F6CDD19D2A4307DC00BEDFEA /* Button.swift in Sources */,
			);
			runOnlyForDeploymentPostprocessing = 0;
		};
/* End PBXSourcesBuildPhase section */

/* Begin PBXVariantGroup section */
		F6CDD18E2A43068C00BEDFEA /* Main.storyboard */ = {
			isa = PBXVariantGroup;
			children = (
				F6CDD18F2A43068C00BEDFEA /* Base */,
			);
			name = Main.storyboard;
			sourceTree = "<group>";
		};
		F6CDD1932A43069400BEDFEA /* LaunchScreen.storyboard */ = {
			isa = PBXVariantGroup;
			children = (
				F6CDD1942A43069400BEDFEA /* Base */,
			);
			name = LaunchScreen.storyboard;
			sourceTree = "<group>";
		};
/* End PBXVariantGroup section */

/* Begin XCBuildConfiguration section */
		F6CDD1972A43069400BEDFEA /* Debug */ = {
			isa = XCBuildConfiguration;
			buildSettings = {
				ALWAYS_SEARCH_USER_PATHS = NO;
				CLANG_ANALYZER_NONNULL = YES;
				CLANG_ANALYZER_NUMBER_OBJECT_CONVERSION = YES_AGGRESSIVE;
				CLANG_CXX_LANGUAGE_STANDARD = "gnu++20";
				CLANG_ENABLE_MODULES = YES;
				CLANG_ENABLE_OBJC_ARC = YES;
				CLANG_ENABLE_OBJC_WEAK = YES;
				CLANG_WARN_BLOCK_CAPTURE_AUTORELEASING = YES;
				CLANG_WARN_BOOL_CONVERSION = YES;
				CLANG_WARN_COMMA = YES;
				CLANG_WARN_CONSTANT_CONVERSION = YES;
				CLANG_WARN_DEPRECATED_OBJC_IMPLEMENTATIONS = YES;
				CLANG_WARN_DIRECT_OBJC_ISA_USAGE = YES_ERROR;
				CLANG_WARN_DOCUMENTATION_COMMENTS = YES;
				CLANG_WARN_EMPTY_BODY = YES;
				CLANG_WARN_ENUM_CONVERSION = YES;
				CLANG_WARN_INFINITE_RECURSION = YES;
				CLANG_WARN_INT_CONVERSION = YES;
				CLANG_WARN_NON_LITERAL_NULL_CONVERSION = YES;
				CLANG_WARN_OBJC_IMPLICIT_RETAIN_SELF = YES;
				CLANG_WARN_OBJC_LITERAL_CONVERSION = YES;
				CLANG_WARN_OBJC_ROOT_CLASS = YES_ERROR;
				CLANG_WARN_QUOTED_INCLUDE_IN_FRAMEWORK_HEADER = YES;
				CLANG_WARN_RANGE_LOOP_ANALYSIS = YES;
				CLANG_WARN_STRICT_PROTOTYPES = YES;
				CLANG_WARN_SUSPICIOUS_MOVE = YES;
				CLANG_WARN_UNGUARDED_AVAILABILITY = YES_AGGRESSIVE;
				CLANG_WARN_UNREACHABLE_CODE = YES;
				CLANG_WARN__DUPLICATE_METHOD_MATCH = YES;
				COPY_PHASE_STRIP = NO;
				DEBUG_INFORMATION_FORMAT = dwarf;
				ENABLE_STRICT_OBJC_MSGSEND = YES;
				ENABLE_TESTABILITY = YES;
				GCC_C_LANGUAGE_STANDARD = gnu11;
				GCC_DYNAMIC_NO_PIC = NO;
				GCC_NO_COMMON_BLOCKS = YES;
				GCC_OPTIMIZATION_LEVEL = 0;
				GCC_PREPROCESSOR_DEFINITIONS = (
					"DEBUG=1",
					"$(inherited)",
				);
				GCC_WARN_64_TO_32_BIT_CONVERSION = YES;
				GCC_WARN_ABOUT_RETURN_TYPE = YES_ERROR;
				GCC_WARN_UNDECLARED_SELECTOR = YES;
				GCC_WARN_UNINITIALIZED_AUTOS = YES_AGGRESSIVE;
				GCC_WARN_UNUSED_FUNCTION = YES;
				GCC_WARN_UNUSED_VARIABLE = YES;
				IPHONEOS_DEPLOYMENT_TARGET = 16.0;
				MTL_ENABLE_DEBUG_INFO = INCLUDE_SOURCE;
				MTL_FAST_MATH = YES;
				ONLY_ACTIVE_ARCH = YES;
				SDKROOT = iphoneos;
				SWIFT_ACTIVE_COMPILATION_CONDITIONS = DEBUG;
				SWIFT_OPTIMIZATION_LEVEL = "-Onone";
			};
			name = Debug;
		};
		F6CDD1982A43069400BEDFEA /* Release */ = {
			isa = XCBuildConfiguration;
			buildSettings = {
				ALWAYS_SEARCH_USER_PATHS = NO;
				CLANG_ANALYZER_NONNULL = YES;
				CLANG_ANALYZER_NUMBER_OBJECT_CONVERSION = YES_AGGRESSIVE;
				CLANG_CXX_LANGUAGE_STANDARD = "gnu++20";
				CLANG_ENABLE_MODULES = YES;
				CLANG_ENABLE_OBJC_ARC = YES;
				CLANG_ENABLE_OBJC_WEAK = YES;
				CLANG_WARN_BLOCK_CAPTURE_AUTORELEASING = YES;
				CLANG_WARN_BOOL_CONVERSION = YES;
				CLANG_WARN_COMMA = YES;
				CLANG_WARN_CONSTANT_CONVERSION = YES;
				CLANG_WARN_DEPRECATED_OBJC_IMPLEMENTATIONS = YES;
				CLANG_WARN_DIRECT_OBJC_ISA_USAGE = YES_ERROR;
				CLANG_WARN_DOCUMENTATION_COMMENTS = YES;
				CLANG_WARN_EMPTY_BODY = YES;
				CLANG_WARN_ENUM_CONVERSION = YES;
				CLANG_WARN_INFINITE_RECURSION = YES;
				CLANG_WARN_INT_CONVERSION = YES;
				CLANG_WARN_NON_LITERAL_NULL_CONVERSION = YES;
				CLANG_WARN_OBJC_IMPLICIT_RETAIN_SELF = YES;
				CLANG_WARN_OBJC_LITERAL_CONVERSION = YES;
				CLANG_WARN_OBJC_ROOT_CLASS = YES_ERROR;
				CLANG_WARN_QUOTED_INCLUDE_IN_FRAMEWORK_HEADER = YES;
				CLANG_WARN_RANGE_LOOP_ANALYSIS = YES;
				CLANG_WARN_STRICT_PROTOTYPES = YES;
				CLANG_WARN_SUSPICIOUS_MOVE = YES;
				CLANG_WARN_UNGUARDED_AVAILABILITY = YES_AGGRESSIVE;
				CLANG_WARN_UNREACHABLE_CODE = YES;
				CLANG_WARN__DUPLICATE_METHOD_MATCH = YES;
				COPY_PHASE_STRIP = NO;
				DEBUG_INFORMATION_FORMAT = "dwarf-with-dsym";
				ENABLE_NS_ASSERTIONS = NO;
				ENABLE_STRICT_OBJC_MSGSEND = YES;
				GCC_C_LANGUAGE_STANDARD = gnu11;
				GCC_NO_COMMON_BLOCKS = YES;
				GCC_WARN_64_TO_32_BIT_CONVERSION = YES;
				GCC_WARN_ABOUT_RETURN_TYPE = YES_ERROR;
				GCC_WARN_UNDECLARED_SELECTOR = YES;
				GCC_WARN_UNINITIALIZED_AUTOS = YES_AGGRESSIVE;
				GCC_WARN_UNUSED_FUNCTION = YES;
				GCC_WARN_UNUSED_VARIABLE = YES;
				IPHONEOS_DEPLOYMENT_TARGET = 16.0;
				MTL_ENABLE_DEBUG_INFO = NO;
				MTL_FAST_MATH = YES;
				SDKROOT = iphoneos;
				SWIFT_COMPILATION_MODE = wholemodule;
				SWIFT_OPTIMIZATION_LEVEL = "-O";
				VALIDATE_PRODUCT = YES;
			};
			name = Release;
		};
		F6CDD19A2A43069400BEDFEA /* Debug */ = {
			isa = XCBuildConfiguration;
			baseConfigurationReference = 5EA02A57FC426D9B51FC97E1 /* Pods-pictoMaker.debug.xcconfig */;
			buildSettings = {
				ASSETCATALOG_COMPILER_APPICON_NAME = AppIcon;
				ASSETCATALOG_COMPILER_GLOBAL_ACCENT_COLOR_NAME = AccentColor;
				CODE_SIGN_STYLE = Automatic;
				CURRENT_PROJECT_VERSION = 1;
				DEVELOPMENT_TEAM = GVCNFTUVQC;
				GENERATE_INFOPLIST_FILE = YES;
				INFOPLIST_FILE = pictoMaker/Info.plist;
				INFOPLIST_KEY_NSPhotoLibraryUsageDescription = "生成した画像を保存します";
				INFOPLIST_KEY_UIApplicationSupportsIndirectInputEvents = YES;
				INFOPLIST_KEY_UILaunchStoryboardName = LaunchScreen;
				INFOPLIST_KEY_UIMainStoryboardFile = Main;
				INFOPLIST_KEY_UISupportedInterfaceOrientations = UIInterfaceOrientationPortrait;
				INFOPLIST_KEY_UISupportedInterfaceOrientations_iPad = "UIInterfaceOrientationLandscapeLeft UIInterfaceOrientationLandscapeRight UIInterfaceOrientationPortrait UIInterfaceOrientationPortraitUpsideDown";
				IPHONEOS_DEPLOYMENT_TARGET = 16.0;
				LD_RUNPATH_SEARCH_PATHS = (
					"$(inherited)",
					"@executable_path/Frameworks",
				);
				MARKETING_VERSION = 1.1.2;
				PRODUCT_BUNDLE_IDENTIFIER = com.chihiro.pictoMaker;
				PRODUCT_NAME = "$(TARGET_NAME)";
				SUPPORTED_PLATFORMS = "iphoneos iphonesimulator";
				SUPPORTS_MACCATALYST = NO;
				SUPPORTS_MAC_DESIGNED_FOR_IPHONE_IPAD = NO;
				SWIFT_EMIT_LOC_STRINGS = YES;
				SWIFT_VERSION = 5.0;
				TARGETED_DEVICE_FAMILY = 1;
			};
			name = Debug;
		};
		F6CDD19B2A43069400BEDFEA /* Release */ = {
			isa = XCBuildConfiguration;
			baseConfigurationReference = 90346AEA7CAC48722A0D60D2 /* Pods-pictoMaker.release.xcconfig */;
			buildSettings = {
				ASSETCATALOG_COMPILER_APPICON_NAME = AppIcon;
				ASSETCATALOG_COMPILER_GLOBAL_ACCENT_COLOR_NAME = AccentColor;
				CODE_SIGN_STYLE = Automatic;
				CURRENT_PROJECT_VERSION = 1;
				DEVELOPMENT_TEAM = GVCNFTUVQC;
				GENERATE_INFOPLIST_FILE = YES;
				INFOPLIST_FILE = pictoMaker/Info.plist;
				INFOPLIST_KEY_NSPhotoLibraryUsageDescription = "生成した画像を保存します";
				INFOPLIST_KEY_UIApplicationSupportsIndirectInputEvents = YES;
				INFOPLIST_KEY_UILaunchStoryboardName = LaunchScreen;
				INFOPLIST_KEY_UIMainStoryboardFile = Main;
				INFOPLIST_KEY_UISupportedInterfaceOrientations = UIInterfaceOrientationPortrait;
				INFOPLIST_KEY_UISupportedInterfaceOrientations_iPad = "UIInterfaceOrientationLandscapeLeft UIInterfaceOrientationLandscapeRight UIInterfaceOrientationPortrait UIInterfaceOrientationPortraitUpsideDown";
				IPHONEOS_DEPLOYMENT_TARGET = 16.0;
				LD_RUNPATH_SEARCH_PATHS = (
					"$(inherited)",
					"@executable_path/Frameworks",
				);
				MARKETING_VERSION = 1.1.2;
				PRODUCT_BUNDLE_IDENTIFIER = com.chihiro.pictoMaker;
				PRODUCT_NAME = "$(TARGET_NAME)";
				SUPPORTED_PLATFORMS = "iphoneos iphonesimulator";
				SUPPORTS_MACCATALYST = NO;
				SUPPORTS_MAC_DESIGNED_FOR_IPHONE_IPAD = NO;
				SWIFT_EMIT_LOC_STRINGS = YES;
				SWIFT_VERSION = 5.0;
				TARGETED_DEVICE_FAMILY = 1;
			};
			name = Release;
		};
/* End XCBuildConfiguration section */

/* Begin XCConfigurationList section */
		F6CDD1802A43068C00BEDFEA /* Build configuration list for PBXProject "pictoMaker" */ = {
			isa = XCConfigurationList;
			buildConfigurations = (
				F6CDD1972A43069400BEDFEA /* Debug */,
				F6CDD1982A43069400BEDFEA /* Release */,
			);
			defaultConfigurationIsVisible = 0;
			defaultConfigurationName = Release;
		};
		F6CDD1992A43069400BEDFEA /* Build configuration list for PBXNativeTarget "pictoMaker" */ = {
			isa = XCConfigurationList;
			buildConfigurations = (
				F6CDD19A2A43069400BEDFEA /* Debug */,
				F6CDD19B2A43069400BEDFEA /* Release */,
			);
			defaultConfigurationIsVisible = 0;
			defaultConfigurationName = Release;
		};
/* End XCConfigurationList section */
	};
	rootObject = F6CDD17D2A43068C00BEDFEA /* Project object */;
}
